
Microsoft Visual Studio Solution File, Format Version 12.00
# Visual Studio 15
VisualStudioVersion = 15.0.28307.136
MinimumVisualStudioVersion = 10.0.40219.1
Project("{9A19103F-16F7-4668-BE54-9A1E7A4F7556}") = "ShopManager", "ShopManager\ShopManager.csproj", "{464BE83B-A81D-4B2B-920A-24AB3B416634}"
EndProject
Project("{2150E333-8FDC-42A3-9474-1A3956D46DE8}") = "02.01 Entity Infra", "02.01 Entity Infra", "{FEA9A5F9-702D-4C4E-86D1-FF5D651CAFBD}"
EndProject
Project("{FAE04EC0-301F-11D3-BF4B-00C04F79EFBC}") = "LC.Infra.Entity", "02.01 Entity Infra\LC.Infra.Entity\LC.Infra.Entity.csproj", "{73BAF660-8915-43DE-B343-763CFAFE4D85}"
EndProject
Project("{2150E333-8FDC-42A3-9474-1A3956D46DE8}") = "00.Framework", "00.Framework", "{26069FF4-EFF5-4BF1-8EF9-D6AE1E2B9DA3}"
EndProject
Project("{FAE04EC0-301F-11D3-BF4B-00C04F79EFBC}") = "LC.Framework", "00.Framework\LC.Framework\LC.Framework.csproj", "{383C62FE-B374-4ED6-A5EE-2AF79792FE32}"
EndProject
Global
	GlobalSection(SolutionConfigurationPlatforms) = preSolution
		Debug|Any CPU = Debug|Any CPU
		Release|Any CPU = Release|Any CPU
	EndGlobalSection
	GlobalSection(ProjectConfigurationPlatforms) = postSolution
		{464BE83B-A81D-4B2B-920A-24AB3B416634}.Debug|Any CPU.ActiveCfg = Debug|Any CPU
		{464BE83B-A81D-4B2B-920A-24AB3B416634}.Debug|Any CPU.Build.0 = Debug|Any CPU
		{464BE83B-A81D-4B2B-920A-24AB3B416634}.Release|Any CPU.ActiveCfg = Release|Any CPU
		{464BE83B-A81D-4B2B-920A-24AB3B416634}.Release|Any CPU.Build.0 = Release|Any CPU
		{73BAF660-8915-43DE-B343-763CFAFE4D85}.Debug|Any CPU.ActiveCfg = Debug|Any CPU
		{73BAF660-8915-43DE-B343-763CFAFE4D85}.Debug|Any CPU.Build.0 = Debug|Any CPU
		{73BAF660-8915-43DE-B343-763CFAFE4D85}.Release|Any CPU.ActiveCfg = Release|Any CPU
		{73BAF660-8915-43DE-B343-763CFAFE4D85}.Release|Any CPU.Build.0 = Release|Any CPU
		{383C62FE-B374-4ED6-A5EE-2AF79792FE32}.Debug|Any CPU.ActiveCfg = Debug|Any CPU
		{383C62FE-B374-4ED6-A5EE-2AF79792FE32}.Debug|Any CPU.Build.0 = Debug|Any CPU
		{383C62FE-B374-4ED6-A5EE-2AF79792FE32}.Release|Any CPU.ActiveCfg = Release|Any CPU
		{383C62FE-B374-4ED6-A5EE-2AF79792FE32}.Release|Any CPU.Build.0 = Release|Any CPU
	EndGlobalSection
	GlobalSection(SolutionProperties) = preSolution
		HideSolutionNode = FALSE
	EndGlobalSection
	GlobalSection(NestedProjects) = preSolution
		{73BAF660-8915-43DE-B343-763CFAFE4D85} = {FEA9A5F9-702D-4C4E-86D1-FF5D651CAFBD}
		{383C62FE-B374-4ED6-A5EE-2AF79792FE32} = {26069FF4-EFF5-4BF1-8EF9-D6AE1E2B9DA3}
	EndGlobalSection
	GlobalSection(ExtensibilityGlobals) = postSolution
		SolutionGuid = {EEA5A8B0-D3CB-41C9-9AED-DCA6CA75129F}
	EndGlobalSection
EndGlobal
